
Microsoft Visual Studio Solution File, Format Version 12.00
# Visual Studio Version 16
VisualStudioVersion = 16.0.31729.503
MinimumVisualStudioVersion = 10.0.40219.1
Project("{9A19103F-16F7-4668-BE54-9A1E7A4F7556}") = "BL.Domain", "BL.Domain\BL.Domain.csproj", "{4E59DE67-79F0-46A1-9021-2D56DB27C5F5}"
EndProject
Project("{9A19103F-16F7-4668-BE54-9A1E7A4F7556}") = "BL.Data", "BL.Data\BL.Data.csproj", "{37E6FC43-9A78-4DA2-A280-F1AA529866E4}"
EndProject
Project("{9A19103F-16F7-4668-BE54-9A1E7A4F7556}") = "BL.Infra.Ioc", "BL.Infra.Ioc\BL.Infra.Ioc.csproj", "{2A78C7E2-3739-4641-8CB3-2A57BB0A9F8F}"
EndProject
Project("{9A19103F-16F7-4668-BE54-9A1E7A4F7556}") = "BL.Api", "BL.Api\BL.Api.csproj", "{9D269538-0969-49E9-AC2B-02A448556903}"
EndProject
Global
	GlobalSection(SolutionConfigurationPlatforms) = preSolution
		Debug|Any CPU = Debug|Any CPU
		Release|Any CPU = Release|Any CPU
	EndGlobalSection
	GlobalSection(ProjectConfigurationPlatforms) = postSolution
		{4E59DE67-79F0-46A1-9021-2D56DB27C5F5}.Debug|Any CPU.ActiveCfg = Debug|Any CPU
		{4E59DE67-79F0-46A1-9021-2D56DB27C5F5}.Debug|Any CPU.Build.0 = Debug|Any CPU
		{4E59DE67-79F0-46A1-9021-2D56DB27C5F5}.Release|Any CPU.ActiveCfg = Release|Any CPU
		{4E59DE67-79F0-46A1-9021-2D56DB27C5F5}.Release|Any CPU.Build.0 = Release|Any CPU
		{37E6FC43-9A78-4DA2-A280-F1AA529866E4}.Debug|Any CPU.ActiveCfg = Debug|Any CPU
		{37E6FC43-9A78-4DA2-A280-F1AA529866E4}.Debug|Any CPU.Build.0 = Debug|Any CPU
		{37E6FC43-9A78-4DA2-A280-F1AA529866E4}.Release|Any CPU.ActiveCfg = Release|Any CPU
		{37E6FC43-9A78-4DA2-A280-F1AA529866E4}.Release|Any CPU.Build.0 = Release|Any CPU
		{2A78C7E2-3739-4641-8CB3-2A57BB0A9F8F}.Debug|Any CPU.ActiveCfg = Debug|Any CPU
		{2A78C7E2-3739-4641-8CB3-2A57BB0A9F8F}.Debug|Any CPU.Build.0 = Debug|Any CPU
		{2A78C7E2-3739-4641-8CB3-2A57BB0A9F8F}.Release|Any CPU.ActiveCfg = Release|Any CPU
		{2A78C7E2-3739-4641-8CB3-2A57BB0A9F8F}.Release|Any CPU.Build.0 = Release|Any CPU
		{9D269538-0969-49E9-AC2B-02A448556903}.Debug|Any CPU.ActiveCfg = Debug|Any CPU
		{9D269538-0969-49E9-AC2B-02A448556903}.Debug|Any CPU.Build.0 = Debug|Any CPU
		{9D269538-0969-49E9-AC2B-02A448556903}.Release|Any CPU.ActiveCfg = Release|Any CPU
		{9D269538-0969-49E9-AC2B-02A448556903}.Release|Any CPU.Build.0 = Release|Any CPU
	EndGlobalSection
	GlobalSection(SolutionProperties) = preSolution
		HideSolutionNode = FALSE
	EndGlobalSection
	GlobalSection(ExtensibilityGlobals) = postSolution
		SolutionGuid = {D2198AF3-6F18-497C-BA87-01196FDDEA4C}
	EndGlobalSection
EndGlobal
